// !$*UTF8*$!
{
	archiveVersion = 1;
	classes = {
	};
	objectVersion = 50;
	objects = {

/* Begin PBXBuildFile section */
		2032FF14224BF23000BC40EE /* GalleryViewController.swift in Sources */ = {isa = PBXBuildFile; fileRef = 2032FF13224BF23000BC40EE /* GalleryViewController.swift */; };
		207ED91A2255A33F00B6A30C /* previewTableViewController.swift in Sources */ = {isa = PBXBuildFile; fileRef = 207ED9192255A33F00B6A30C /* previewTableViewController.swift */; };
		20DAF3A2223DD40C0008B3BF /* LoginViewController.swift in Sources */ = {isa = PBXBuildFile; fileRef = 20DAF3A1223DD40C0008B3BF /* LoginViewController.swift */; };
		20DAF3A4223DD4280008B3BF /* SignUpViewController.swift in Sources */ = {isa = PBXBuildFile; fileRef = 20DAF3A3223DD4280008B3BF /* SignUpViewController.swift */; };
		20F98C862239580C00583096 /* AppDelegate.swift in Sources */ = {isa = PBXBuildFile; fileRef = 20F98C852239580C00583096 /* AppDelegate.swift */; };
		20F98C882239580C00583096 /* ViewController.swift in Sources */ = {isa = PBXBuildFile; fileRef = 20F98C872239580C00583096 /* ViewController.swift */; };
		20F98C8B2239580C00583096 /* Main.storyboard in Resources */ = {isa = PBXBuildFile; fileRef = 20F98C892239580C00583096 /* Main.storyboard */; };
		20F98C8D2239580E00583096 /* Assets.xcassets in Resources */ = {isa = PBXBuildFile; fileRef = 20F98C8C2239580E00583096 /* Assets.xcassets */; };
		20F98C902239580E00583096 /* LaunchScreen.storyboard in Resources */ = {isa = PBXBuildFile; fileRef = 20F98C8E2239580E00583096 /* LaunchScreen.storyboard */; };
		20F98C9822395A4B00583096 /* PhotoViewController.swift in Sources */ = {isa = PBXBuildFile; fileRef = 20F98C9722395A4B00583096 /* PhotoViewController.swift */; };
		20F98C9A22395B0100583096 /* ContactTableViewController.swift in Sources */ = {isa = PBXBuildFile; fileRef = 20F98C9922395B0100583096 /* ContactTableViewController.swift */; };
		BECE40DF0E205878FD0F0ED8 /* Pods_InstaShare.framework in Frameworks */ = {isa = PBXBuildFile; fileRef = A6A64AF09DFAB4B923B24B04 /* Pods_InstaShare.framework */; };
/* End PBXBuildFile section */

/* Begin PBXFileReference section */
		2032FF13224BF23000BC40EE /* GalleryViewController.swift */ = {isa = PBXFileReference; lastKnownFileType = sourcecode.swift; path = GalleryViewController.swift; sourceTree = "<group>"; };
		207ED9192255A33F00B6A30C /* previewTableViewController.swift */ = {isa = PBXFileReference; lastKnownFileType = sourcecode.swift; path = previewTableViewController.swift; sourceTree = "<group>"; };
		20DAF3A1223DD40C0008B3BF /* LoginViewController.swift */ = {isa = PBXFileReference; lastKnownFileType = sourcecode.swift; path = LoginViewController.swift; sourceTree = "<group>"; };
		20DAF3A3223DD4280008B3BF /* SignUpViewController.swift */ = {isa = PBXFileReference; lastKnownFileType = sourcecode.swift; path = SignUpViewController.swift; sourceTree = "<group>"; };
		20F98C822239580C00583096 /* InstaShare.app */ = {isa = PBXFileReference; explicitFileType = wrapper.application; includeInIndex = 0; path = InstaShare.app; sourceTree = BUILT_PRODUCTS_DIR; };
		20F98C852239580C00583096 /* AppDelegate.swift */ = {isa = PBXFileReference; lastKnownFileType = sourcecode.swift; path = AppDelegate.swift; sourceTree = "<group>"; };
		20F98C872239580C00583096 /* ViewController.swift */ = {isa = PBXFileReference; lastKnownFileType = sourcecode.swift; path = ViewController.swift; sourceTree = "<group>"; };
		20F98C8A2239580C00583096 /* Base */ = {isa = PBXFileReference; lastKnownFileType = file.storyboard; name = Base; path = Base.lproj/Main.storyboard; sourceTree = "<group>"; };
		20F98C8C2239580E00583096 /* Assets.xcassets */ = {isa = PBXFileReference; lastKnownFileType = folder.assetcatalog; path = Assets.xcassets; sourceTree = "<group>"; };
		20F98C8F2239580E00583096 /* Base */ = {isa = PBXFileReference; lastKnownFileType = file.storyboard; name = Base; path = Base.lproj/LaunchScreen.storyboard; sourceTree = "<group>"; };
		20F98C912239580E00583096 /* Info.plist */ = {isa = PBXFileReference; lastKnownFileType = text.plist.xml; path = Info.plist; sourceTree = "<group>"; };
		20F98C9722395A4B00583096 /* PhotoViewController.swift */ = {isa = PBXFileReference; lastKnownFileType = sourcecode.swift; path = PhotoViewController.swift; sourceTree = "<group>"; };
		20F98C9922395B0100583096 /* ContactTableViewController.swift */ = {isa = PBXFileReference; lastKnownFileType = sourcecode.swift; path = ContactTableViewController.swift; sourceTree = "<group>"; };
		91F5AAF07A0F0C43C064D618 /* Pods-InstaShare.release.xcconfig */ = {isa = PBXFileReference; includeInIndex = 1; lastKnownFileType = text.xcconfig; name = "Pods-InstaShare.release.xcconfig"; path = "Target Support Files/Pods-InstaShare/Pods-InstaShare.release.xcconfig"; sourceTree = "<group>"; };
		A6A64AF09DFAB4B923B24B04 /* Pods_InstaShare.framework */ = {isa = PBXFileReference; explicitFileType = wrapper.framework; includeInIndex = 0; path = Pods_InstaShare.framework; sourceTree = BUILT_PRODUCTS_DIR; };
		D258F4A2DCA3D8C13FA6026C /* Pods-InstaShare.debug.xcconfig */ = {isa = PBXFileReference; includeInIndex = 1; lastKnownFileType = text.xcconfig; name = "Pods-InstaShare.debug.xcconfig"; path = "Target Support Files/Pods-InstaShare/Pods-InstaShare.debug.xcconfig"; sourceTree = "<group>"; };
/* End PBXFileReference section */

/* Begin PBXFrameworksBuildPhase section */
		20F98C7F2239580C00583096 /* Frameworks */ = {
			isa = PBXFrameworksBuildPhase;
			buildActionMask = 2147483647;
			files = (
				BECE40DF0E205878FD0F0ED8 /* Pods_InstaShare.framework in Frameworks */,
			);
			runOnlyForDeploymentPostprocessing = 0;
		};
/* End PBXFrameworksBuildPhase section */

/* Begin PBXGroup section */
		20F98C792239580C00583096 = {
			isa = PBXGroup;
			children = (
				20F98C842239580C00583096 /* InstaShare */,
				20F98C832239580C00583096 /* Products */,
				4940D2C5F6FCAF79188BA56B /* Pods */,
				FE33F1A22AC8EFCD4CCC1F5B /* Frameworks */,
			);
			sourceTree = "<group>";
		};
		20F98C832239580C00583096 /* Products */ = {
			isa = PBXGroup;
			children = (
				20F98C822239580C00583096 /* InstaShare.app */,
			);
			name = Products;
			sourceTree = "<group>";
		};
		20F98C842239580C00583096 /* InstaShare */ = {
			isa = PBXGroup;
			children = (
				20F98C852239580C00583096 /* AppDelegate.swift */,
				20F98C872239580C00583096 /* ViewController.swift */,
				20F98C9722395A4B00583096 /* PhotoViewController.swift */,
				20F98C9922395B0100583096 /* ContactTableViewController.swift */,
				20DAF3A1223DD40C0008B3BF /* LoginViewController.swift */,
				20DAF3A3223DD4280008B3BF /* SignUpViewController.swift */,
				2032FF13224BF23000BC40EE /* GalleryViewController.swift */,
				207ED9192255A33F00B6A30C /* previewTableViewController.swift */,
				20F98C892239580C00583096 /* Main.storyboard */,
				20F98C8C2239580E00583096 /* Assets.xcassets */,
				20F98C8E2239580E00583096 /* LaunchScreen.storyboard */,
				20F98C912239580E00583096 /* Info.plist */,
			);
			path = InstaShare;
			sourceTree = "<group>";
		};
		4940D2C5F6FCAF79188BA56B /* Pods */ = {
			isa = PBXGroup;
			children = (
				D258F4A2DCA3D8C13FA6026C /* Pods-InstaShare.debug.xcconfig */,
				91F5AAF07A0F0C43C064D618 /* Pods-InstaShare.release.xcconfig */,
			);
			path = Pods;
			sourceTree = "<group>";
		};
		FE33F1A22AC8EFCD4CCC1F5B /* Frameworks */ = {
			isa = PBXGroup;
			children = (
				A6A64AF09DFAB4B923B24B04 /* Pods_InstaShare.framework */,
			);
			name = Frameworks;
			sourceTree = "<group>";
		};
/* End PBXGroup section */

/* Begin PBXNativeTarget section */
		20F98C812239580C00583096 /* InstaShare */ = {
			isa = PBXNativeTarget;
			buildConfigurationList = 20F98C942239580E00583096 /* Build configuration list for PBXNativeTarget "InstaShare" */;
			buildPhases = (
				EEDE0D314D827C54BC9AA62F /* [CP] Check Pods Manifest.lock */,
				20F98C7E2239580C00583096 /* Sources */,
				20F98C7F2239580C00583096 /* Frameworks */,
				20F98C802239580C00583096 /* Resources */,
				72DFCF51081119B647D7FDC7 /* [CP] Embed Pods Frameworks */,
			);
			buildRules = (
			);
			dependencies = (
			);
			name = InstaShare;
			productName = InstaShare;
			productReference = 20F98C822239580C00583096 /* InstaShare.app */;
			productType = "com.apple.product-type.application";
		};
/* End PBXNativeTarget section */

/* Begin PBXProject section */
		20F98C7A2239580C00583096 /* Project object */ = {
			isa = PBXProject;
			attributes = {
				LastSwiftUpdateCheck = 1010;
				LastUpgradeCheck = 1010;
				ORGANIZATIONNAME = "William Bui";
				TargetAttributes = {
					20F98C812239580C00583096 = {
						CreatedOnToolsVersion = 10.1;
					};
				};
			};
			buildConfigurationList = 20F98C7D2239580C00583096 /* Build configuration list for PBXProject "InstaShare" */;
			compatibilityVersion = "Xcode 9.3";
			developmentRegion = en;
			hasScannedForEncodings = 0;
			knownRegions = (
				en,
				Base,
			);
			mainGroup = 20F98C792239580C00583096;
			productRefGroup = 20F98C832239580C00583096 /* Products */;
			projectDirPath = "";
			projectRoot = "";
			targets = (
				20F98C812239580C00583096 /* InstaShare */,
			);
		};
/* End PBXProject section */

/* Begin PBXResourcesBuildPhase section */
		20F98C802239580C00583096 /* Resources */ = {
			isa = PBXResourcesBuildPhase;
			buildActionMask = 2147483647;
			files = (
				20F98C902239580E00583096 /* LaunchScreen.storyboard in Resources */,
				20F98C8D2239580E00583096 /* Assets.xcassets in Resources */,
				20F98C8B2239580C00583096 /* Main.storyboard in Resources */,
			);
			runOnlyForDeploymentPostprocessing = 0;
		};
/* End PBXResourcesBuildPhase section */

/* Begin PBXShellScriptBuildPhase section */
		72DFCF51081119B647D7FDC7 /* [CP] Embed Pods Frameworks */ = {
			isa = PBXShellScriptBuildPhase;
			buildActionMask = 2147483647;
			files = (
			);
			inputFileListPaths = (
			);
			inputPaths = (
				"${PODS_ROOT}/Target Support Files/Pods-InstaShare/Pods-InstaShare-frameworks.sh",
				"${BUILT_PRODUCTS_DIR}/Alamofire/Alamofire.framework",
				"${BUILT_PRODUCTS_DIR}/SwiftyJSON/SwiftyJSON.framework",
			);
			name = "[CP] Embed Pods Frameworks";
			outputFileListPaths = (
			);
			outputPaths = (
				"${TARGET_BUILD_DIR}/${FRAMEWORKS_FOLDER_PATH}/Alamofire.framework",
				"${TARGET_BUILD_DIR}/${FRAMEWORKS_FOLDER_PATH}/SwiftyJSON.framework",
			);
			runOnlyForDeploymentPostprocessing = 0;
			shellPath = /bin/sh;
			shellScript = "\"${PODS_ROOT}/Target Support Files/Pods-InstaShare/Pods-InstaShare-frameworks.sh\"\n";
			showEnvVarsInLog = 0;
		};
		EEDE0D314D827C54BC9AA62F /* [CP] Check Pods Manifest.lock */ = {
			isa = PBXShellScriptBuildPhase;
			buildActionMask = 2147483647;
			files = (
			);
			inputFileListPaths = (
			);
			inputPaths = (
				"${PODS_PODFILE_DIR_PATH}/Podfile.lock",
				"${PODS_ROOT}/Manifest.lock",
			);
			name = "[CP] Check Pods Manifest.lock";
			outputFileListPaths = (
			);
			outputPaths = (
				"$(DERIVED_FILE_DIR)/Pods-InstaShare-checkManifestLockResult.txt",
			);
			runOnlyForDeploymentPostprocessing = 0;
			shellPath = /bin/sh;
			shellScript = "diff \"${PODS_PODFILE_DIR_PATH}/Podfile.lock\" \"${PODS_ROOT}/Manifest.lock\" > /dev/null\nif [ $? != 0 ] ; then\n    # print error to STDERR\n    echo \"error: The sandbox is not in sync with the Podfile.lock. Run 'pod install' or update your CocoaPods installation.\" >&2\n    exit 1\nfi\n# This output is used by Xcode 'outputs' to avoid re-running this script phase.\necho \"SUCCESS\" > \"${SCRIPT_OUTPUT_FILE_0}\"\n";
			showEnvVarsInLog = 0;
		};
/* End PBXShellScriptBuildPhase section */

/* Begin PBXSourcesBuildPhase section */
		20F98C7E2239580C00583096 /* Sources */ = {
			isa = PBXSourcesBuildPhase;
			buildActionMask = 2147483647;
			files = (
				20DAF3A4223DD4280008B3BF /* SignUpViewController.swift in Sources */,
				2032FF14224BF23000BC40EE /* GalleryViewController.swift in Sources */,
				207ED91A2255A33F00B6A30C /* previewTableViewController.swift in Sources */,
				20F98C9A22395B0100583096 /* ContactTableViewController.swift in Sources */,
				20F98C882239580C00583096 /* ViewController.swift in Sources */,
				20F98C862239580C00583096 /* AppDelegate.swift in Sources */,
				20DAF3A2223DD40C0008B3BF /* LoginViewController.swift in Sources */,
				20F98C9822395A4B00583096 /* PhotoViewController.swift in Sources */,
			);
			runOnlyForDeploymentPostprocessing = 0;
		};
/* End PBXSourcesBuildPhase section */

/* Begin PBXVariantGroup section */
		20F98C892239580C00583096 /* Main.storyboard */ = {
			isa = PBXVariantGroup;
			children = (
				20F98C8A2239580C00583096 /* Base */,
			);
			name = Main.storyboard;
			sourceTree = "<group>";
		};
		20F98C8E2239580E00583096 /* LaunchScreen.storyboard */ = {
			isa = PBXVariantGroup;
			children = (
				20F98C8F2239580E00583096 /* Base */,
			);
			name = LaunchScreen.storyboard;
			sourceTree = "<group>";
		};
/* End PBXVariantGroup section */

/* Begin XCBuildConfiguration section */
		20F98C922239580E00583096 /* Debug */ = {
			isa = XCBuildConfiguration;
			buildSettings = {
				ALWAYS_SEARCH_USER_PATHS = NO;
				CLANG_ANALYZER_NONNULL = YES;
				CLANG_ANALYZER_NUMBER_OBJECT_CONVERSION = YES_AGGRESSIVE;
				CLANG_CXX_LANGUAGE_STANDARD = "gnu++14";
				CLANG_CXX_LIBRARY = "libc++";
				CLANG_ENABLE_MODULES = YES;
				CLANG_ENABLE_OBJC_ARC = YES;
				CLANG_ENABLE_OBJC_WEAK = YES;
				CLANG_WARN_BLOCK_CAPTURE_AUTORELEASING = YES;
				CLANG_WARN_BOOL_CONVERSION = YES;
				CLANG_WARN_COMMA = YES;
				CLANG_WARN_CONSTANT_CONVERSION = YES;
				CLANG_WARN_DEPRECATED_OBJC_IMPLEMENTATIONS = YES;
				CLANG_WARN_DIRECT_OBJC_ISA_USAGE = YES_ERROR;
				CLANG_WARN_DOCUMENTATION_COMMENTS = YES;
				CLANG_WARN_EMPTY_BODY = YES;
				CLANG_WARN_ENUM_CONVERSION = YES;
				CLANG_WARN_INFINITE_RECURSION = YES;
				CLANG_WARN_INT_CONVERSION = YES;
				CLANG_WARN_NON_LITERAL_NULL_CONVERSION = YES;
				CLANG_WARN_OBJC_IMPLICIT_RETAIN_SELF = YES;
				CLANG_WARN_OBJC_LITERAL_CONVERSION = YES;
				CLANG_WARN_OBJC_ROOT_CLASS = YES_ERROR;
				CLANG_WARN_RANGE_LOOP_ANALYSIS = YES;
				CLANG_WARN_STRICT_PROTOTYPES = YES;
				CLANG_WARN_SUSPICIOUS_MOVE = YES;
				CLANG_WARN_UNGUARDED_AVAILABILITY = YES_AGGRESSIVE;
				CLANG_WARN_UNREACHABLE_CODE = YES;
				CLANG_WARN__DUPLICATE_METHOD_MATCH = YES;
				CODE_SIGN_IDENTITY = "iPhone Developer";
				COPY_PHASE_STRIP = NO;
				DEBUG_INFORMATION_FORMAT = dwarf;
				ENABLE_STRICT_OBJC_MSGSEND = YES;
				ENABLE_TESTABILITY = YES;
				GCC_C_LANGUAGE_STANDARD = gnu11;
				GCC_DYNAMIC_NO_PIC = NO;
				GCC_NO_COMMON_BLOCKS = YES;
				GCC_OPTIMIZATION_LEVEL = 0;
				GCC_PREPROCESSOR_DEFINITIONS = (
					"DEBUG=1",
					"$(inherited)",
				);
				GCC_WARN_64_TO_32_BIT_CONVERSION = YES;
				GCC_WARN_ABOUT_RETURN_TYPE = YES_ERROR;
				GCC_WARN_UNDECLARED_SELECTOR = YES;
				GCC_WARN_UNINITIALIZED_AUTOS = YES_AGGRESSIVE;
				GCC_WARN_UNUSED_FUNCTION = YES;
				GCC_WARN_UNUSED_VARIABLE = YES;
				IPHONEOS_DEPLOYMENT_TARGET = 12.1;
				MTL_ENABLE_DEBUG_INFO = INCLUDE_SOURCE;
				MTL_FAST_MATH = YES;
				ONLY_ACTIVE_ARCH = YES;
				SDKROOT = iphoneos;
				SWIFT_ACTIVE_COMPILATION_CONDITIONS = DEBUG;
				SWIFT_OPTIMIZATION_LEVEL = "-Onone";
			};
			name = Debug;
		};
		20F98C932239580E00583096 /* Release */ = {
			isa = XCBuildConfiguration;
			buildSettings = {
				ALWAYS_SEARCH_USER_PATHS = NO;
				CLANG_ANALYZER_NONNULL = YES;
				CLANG_ANALYZER_NUMBER_OBJECT_CONVERSION = YES_AGGRESSIVE;
				CLANG_CXX_LANGUAGE_STANDARD = "gnu++14";
				CLANG_CXX_LIBRARY = "libc++";
				CLANG_ENABLE_MODULES = YES;
				CLANG_ENABLE_OBJC_ARC = YES;
				CLANG_ENABLE_OBJC_WEAK = YES;
				CLANG_WARN_BLOCK_CAPTURE_AUTORELEASING = YES;
				CLANG_WARN_BOOL_CONVERSION = YES;
				CLANG_WARN_COMMA = YES;
				CLANG_WARN_CONSTANT_CONVERSION = YES;
				CLANG_WARN_DEPRECATED_OBJC_IMPLEMENTATIONS = YES;
				CLANG_WARN_DIRECT_OBJC_ISA_USAGE = YES_ERROR;
				CLANG_WARN_DOCUMENTATION_COMMENTS = YES;
				CLANG_WARN_EMPTY_BODY = YES;
				CLANG_WARN_ENUM_CONVERSION = YES;
				CLANG_WARN_INFINITE_RECURSION = YES;
				CLANG_WARN_INT_CONVERSION = YES;
				CLANG_WARN_NON_LITERAL_NULL_CONVERSION = YES;
				CLANG_WARN_OBJC_IMPLICIT_RETAIN_SELF = YES;
				CLANG_WARN_OBJC_LITERAL_CONVERSION = YES;
				CLANG_WARN_OBJC_ROOT_CLASS = YES_ERROR;
				CLANG_WARN_RANGE_LOOP_ANALYSIS = YES;
				CLANG_WARN_STRICT_PROTOTYPES = YES;
				CLANG_WARN_SUSPICIOUS_MOVE = YES;
				CLANG_WARN_UNGUARDED_AVAILABILITY = YES_AGGRESSIVE;
				CLANG_WARN_UNREACHABLE_CODE = YES;
				CLANG_WARN__DUPLICATE_METHOD_MATCH = YES;
				CODE_SIGN_IDENTITY = "iPhone Developer";
				COPY_PHASE_STRIP = NO;
				DEBUG_INFORMATION_FORMAT = "dwarf-with-dsym";
				ENABLE_NS_ASSERTIONS = NO;
				ENABLE_STRICT_OBJC_MSGSEND = YES;
				GCC_C_LANGUAGE_STANDARD = gnu11;
				GCC_NO_COMMON_BLOCKS = YES;
				GCC_WARN_64_TO_32_BIT_CONVERSION = YES;
				GCC_WARN_ABOUT_RETURN_TYPE = YES_ERROR;
				GCC_WARN_UNDECLARED_SELECTOR = YES;
				GCC_WARN_UNINITIALIZED_AUTOS = YES_AGGRESSIVE;
				GCC_WARN_UNUSED_FUNCTION = YES;
				GCC_WARN_UNUSED_VARIABLE = YES;
				IPHONEOS_DEPLOYMENT_TARGET = 12.1;
				MTL_ENABLE_DEBUG_INFO = NO;
				MTL_FAST_MATH = YES;
				SDKROOT = iphoneos;
				SWIFT_COMPILATION_MODE = wholemodule;
				SWIFT_OPTIMIZATION_LEVEL = "-O";
				VALIDATE_PRODUCT = YES;
			};
			name = Release;
		};
		20F98C952239580E00583096 /* Debug */ = {
			isa = XCBuildConfiguration;
			baseConfigurationReference = D258F4A2DCA3D8C13FA6026C /* Pods-InstaShare.debug.xcconfig */;
			buildSettings = {
				ASSETCATALOG_COMPILER_APPICON_NAME = AppIcon;
				CODE_SIGN_STYLE = Automatic;
				DEVELOPMENT_TEAM = B2J97757Z9;
				INFOPLIST_FILE = InstaShare/Info.plist;
				LD_RUNPATH_SEARCH_PATHS = (
					"$(inherited)",
					"@executable_path/Frameworks",
				);
				PRODUCT_BUNDLE_IDENTIFIER = Temple.InstaShare;
				PRODUCT_NAME = "$(TARGET_NAME)";
				SWIFT_VERSION = 4.2;
				TARGETED_DEVICE_FAMILY = "1,2";
			};
			name = Debug;
		};
		20F98C962239580E00583096 /* Release */ = {
			isa = XCBuildConfiguration;
			baseConfigurationReference = 91F5AAF07A0F0C43C064D618 /* Pods-InstaShare.release.xcconfig */;
			buildSettings = {
				ASSETCATALOG_COMPILER_APPICON_NAME = AppIcon;
				CODE_SIGN_STYLE = Automatic;
				DEVELOPMENT_TEAM = B2J97757Z9;
				INFOPLIST_FILE = InstaShare/Info.plist;
				LD_RUNPATH_SEARCH_PATHS = (
					"$(inherited)",
					"@executable_path/Frameworks",
				);
				PRODUCT_BUNDLE_IDENTIFIER = Temple.InstaShare;
				PRODUCT_NAME = "$(TARGET_NAME)";
				SWIFT_VERSION = 4.2;
				TARGETED_DEVICE_FAMILY = "1,2";
			};
			name = Release;
		};
/* End XCBuildConfiguration section */

/* Begin XCConfigurationList section */
		20F98C7D2239580C00583096 /* Build configuration list for PBXProject "InstaShare" */ = {
			isa = XCConfigurationList;
			buildConfigurations = (
				20F98C922239580E00583096 /* Debug */,
				20F98C932239580E00583096 /* Release */,
			);
			defaultConfigurationIsVisible = 0;
			defaultConfigurationName = Release;
		};
		20F98C942239580E00583096 /* Build configuration list for PBXNativeTarget "InstaShare" */ = {
			isa = XCConfigurationList;
			buildConfigurations = (
				20F98C952239580E00583096 /* Debug */,
				20F98C962239580E00583096 /* Release */,
			);
			defaultConfigurationIsVisible = 0;
			defaultConfigurationName = Release;
		};
/* End XCConfigurationList section */
	};
	rootObject = 20F98C7A2239580C00583096 /* Project object */;
}
